
Microsoft Visual Studio Solution File, Format Version 12.00
# Visual Studio Version 16
VisualStudioVersion = 16.0.30907.101
MinimumVisualStudioVersion = 10.0.40219.1
Project("{FAE04EC0-301F-11D3-BF4B-00C04F79EFBC}") = "Github", "Github\Github.csproj", "{065E78F4-CBF0-423F-81BF-1A72560D909B}"
EndProject
Global
	GlobalSection(SolutionConfigurationPlatforms) = preSolution
		Debug|Any CPU = Debug|Any CPU
		Release|Any CPU = Release|Any CPU
	EndGlobalSection
	GlobalSection(ProjectConfigurationPlatforms) = postSolution
		{065E78F4-CBF0-423F-81BF-1A72560D909B}.Debug|Any CPU.ActiveCfg = Debug|Any CPU
		{065E78F4-CBF0-423F-81BF-1A72560D909B}.Debug|Any CPU.Build.0 = Debug|Any CPU
		{065E78F4-CBF0-423F-81BF-1A72560D909B}.Release|Any CPU.ActiveCfg = Release|Any CPU
		{065E78F4-CBF0-423F-81BF-1A72560D909B}.Release|Any CPU.Build.0 = Release|Any CPU
	EndGlobalSection
	GlobalSection(SolutionProperties) = preSolution
		HideSolutionNode = FALSE
	EndGlobalSection
	GlobalSection(ExtensibilityGlobals) = postSolution
		SolutionGuid = {C0FC211D-B998-4286-9607-895C4331E2FD}
	EndGlobalSection
EndGlobal
